
Microsoft Visual Studio Solution File, Format Version 12.00
# Visual Studio Version 17
VisualStudioVersion = 17.3.32929.385
MinimumVisualStudioVersion = 10.0.40219.1
Project("{FAE04EC0-301F-11D3-BF4B-00C04F79EFBC}") = "HelthCheckApp1", "HelthCheckApp1\HelthCheckApp1.csproj", "{4C024FC7-13D2-4513-8EE4-3BE26C8D486E}"
EndProject
Project("{FAE04EC0-301F-11D3-BF4B-00C04F79EFBC}") = "Api1", "Api1\Api1.csproj", "{C76D428E-7671-4ACC-B963-E39C6A8B8782}"
EndProject
Global
	GlobalSection(SolutionConfigurationPlatforms) = preSolution
		Debug|Any CPU = Debug|Any CPU
		Release|Any CPU = Release|Any CPU
	EndGlobalSection
	GlobalSection(ProjectConfigurationPlatforms) = postSolution
		{4C024FC7-13D2-4513-8EE4-3BE26C8D486E}.Debug|Any CPU.ActiveCfg = Debug|Any CPU
		{4C024FC7-13D2-4513-8EE4-3BE26C8D486E}.Debug|Any CPU.Build.0 = Debug|Any CPU
		{4C024FC7-13D2-4513-8EE4-3BE26C8D486E}.Release|Any CPU.ActiveCfg = Release|Any CPU
		{4C024FC7-13D2-4513-8EE4-3BE26C8D486E}.Release|Any CPU.Build.0 = Release|Any CPU
		{C76D428E-7671-4ACC-B963-E39C6A8B8782}.Debug|Any CPU.ActiveCfg = Debug|Any CPU
		{C76D428E-7671-4ACC-B963-E39C6A8B8782}.Debug|Any CPU.Build.0 = Debug|Any CPU
		{C76D428E-7671-4ACC-B963-E39C6A8B8782}.Release|Any CPU.ActiveCfg = Release|Any CPU
		{C76D428E-7671-4ACC-B963-E39C6A8B8782}.Release|Any CPU.Build.0 = Release|Any CPU
	EndGlobalSection
	GlobalSection(SolutionProperties) = preSolution
		HideSolutionNode = FALSE
	EndGlobalSection
	GlobalSection(ExtensibilityGlobals) = postSolution
		SolutionGuid = {16D75CE1-232F-4159-AB3E-29211D75F91A}
	EndGlobalSection
EndGlobal
